
Microsoft Visual Studio Solution File, Format Version 12.00
# Visual Studio Version 17
VisualStudioVersion = 17.0.31903.59
MinimumVisualStudioVersion = 10.0.40219.1
Project("{FAE04EC0-301F-11D3-BF4B-00C04F79EFBC}") = "ProductManagement.Api", "ProductManagement.Api\ProductManagement.Api.csproj", "{79996C32-9D9A-433E-BDA6-AFDA81BF1C17}"
EndProject
Project("{FAE04EC0-301F-11D3-BF4B-00C04F79EFBC}") = "ProductManagement.Application", "ProductManagement.Application\ProductManagement.Application.csproj", "{CE528AD9-DE4B-4496-B259-9D8675215B92}"
EndProject
Project("{FAE04EC0-301F-11D3-BF4B-00C04F79EFBC}") = "ProductManagement.Domain", "ProductManagement.Domain\ProductManagement.Domain.csproj", "{66AF6789-334A-49FF-A9C5-FDD7151A3628}"
EndProject
Project("{FAE04EC0-301F-11D3-BF4B-00C04F79EFBC}") = "ProductManagement.Infrastructure", "ProductManagement.Infrastructure\ProductManagement.Infrastructure.csproj", "{344F3556-E01B-43E5-98C8-33D517AFF01F}"
EndProject
Project("{FAE04EC0-301F-11D3-BF4B-00C04F79EFBC}") = "ProductManagement.Tests", "ProductManagement.Tests\ProductManagement.Tests.csproj", "{D30B69C8-89F3-0BE7-4F14-589D558F6AF1}"
EndProject
Global
	GlobalSection(SolutionConfigurationPlatforms) = preSolution
		Debug|Any CPU = Debug|Any CPU
		Debug|x64 = Debug|x64
		Debug|x86 = Debug|x86
		Release|Any CPU = Release|Any CPU
		Release|x64 = Release|x64
		Release|x86 = Release|x86
	EndGlobalSection
	GlobalSection(ProjectConfigurationPlatforms) = postSolution
		{79996C32-9D9A-433E-BDA6-AFDA81BF1C17}.Debug|Any CPU.ActiveCfg = Debug|Any CPU
		{79996C32-9D9A-433E-BDA6-AFDA81BF1C17}.Debug|Any CPU.Build.0 = Debug|Any CPU
		{79996C32-9D9A-433E-BDA6-AFDA81BF1C17}.Debug|x64.ActiveCfg = Debug|Any CPU
		{79996C32-9D9A-433E-BDA6-AFDA81BF1C17}.Debug|x64.Build.0 = Debug|Any CPU
		{79996C32-9D9A-433E-BDA6-AFDA81BF1C17}.Debug|x86.ActiveCfg = Debug|Any CPU
		{79996C32-9D9A-433E-BDA6-AFDA81BF1C17}.Debug|x86.Build.0 = Debug|Any CPU
		{79996C32-9D9A-433E-BDA6-AFDA81BF1C17}.Release|Any CPU.ActiveCfg = Release|Any CPU
		{79996C32-9D9A-433E-BDA6-AFDA81BF1C17}.Release|Any CPU.Build.0 = Release|Any CPU
		{79996C32-9D9A-433E-BDA6-AFDA81BF1C17}.Release|x64.ActiveCfg = Release|Any CPU
		{79996C32-9D9A-433E-BDA6-AFDA81BF1C17}.Release|x64.Build.0 = Release|Any CPU
		{79996C32-9D9A-433E-BDA6-AFDA81BF1C17}.Release|x86.ActiveCfg = Release|Any CPU
		{79996C32-9D9A-433E-BDA6-AFDA81BF1C17}.Release|x86.Build.0 = Release|Any CPU
		{CE528AD9-DE4B-4496-B259-9D8675215B92}.Debug|Any CPU.ActiveCfg = Debug|Any CPU
		{CE528AD9-DE4B-4496-B259-9D8675215B92}.Debug|Any CPU.Build.0 = Debug|Any CPU
		{CE528AD9-DE4B-4496-B259-9D8675215B92}.Debug|x64.ActiveCfg = Debug|Any CPU
		{CE528AD9-DE4B-4496-B259-9D8675215B92}.Debug|x64.Build.0 = Debug|Any CPU
		{CE528AD9-DE4B-4496-B259-9D8675215B92}.Debug|x86.ActiveCfg = Debug|Any CPU
		{CE528AD9-DE4B-4496-B259-9D8675215B92}.Debug|x86.Build.0 = Debug|Any CPU
		{CE528AD9-DE4B-4496-B259-9D8675215B92}.Release|Any CPU.ActiveCfg = Release|Any CPU
		{CE528AD9-DE4B-4496-B259-9D8675215B92}.Release|Any CPU.Build.0 = Release|Any CPU
		{CE528AD9-DE4B-4496-B259-9D8675215B92}.Release|x64.ActiveCfg = Release|Any CPU
		{CE528AD9-DE4B-4496-B259-9D8675215B92}.Release|x64.Build.0 = Release|Any CPU
		{CE528AD9-DE4B-4496-B259-9D8675215B92}.Release|x86.ActiveCfg = Release|Any CPU
		{CE528AD9-DE4B-4496-B259-9D8675215B92}.Release|x86.Build.0 = Release|Any CPU
		{66AF6789-334A-49FF-A9C5-FDD7151A3628}.Debug|Any CPU.ActiveCfg = Debug|Any CPU
		{66AF6789-334A-49FF-A9C5-FDD7151A3628}.Debug|Any CPU.Build.0 = Debug|Any CPU
		{66AF6789-334A-49FF-A9C5-FDD7151A3628}.Debug|x64.ActiveCfg = Debug|Any CPU
		{66AF6789-334A-49FF-A9C5-FDD7151A3628}.Debug|x64.Build.0 = Debug|Any CPU
		{66AF6789-334A-49FF-A9C5-FDD7151A3628}.Debug|x86.ActiveCfg = Debug|Any CPU
		{66AF6789-334A-49FF-A9C5-FDD7151A3628}.Debug|x86.Build.0 = Debug|Any CPU
		{66AF6789-334A-49FF-A9C5-FDD7151A3628}.Release|Any CPU.ActiveCfg = Release|Any CPU
		{66AF6789-334A-49FF-A9C5-FDD7151A3628}.Release|Any CPU.Build.0 = Release|Any CPU
		{66AF6789-334A-49FF-A9C5-FDD7151A3628}.Release|x64.ActiveCfg = Release|Any CPU
		{66AF6789-334A-49FF-A9C5-FDD7151A3628}.Release|x64.Build.0 = Release|Any CPU
		{66AF6789-334A-49FF-A9C5-FDD7151A3628}.Release|x86.ActiveCfg = Release|Any CPU
		{66AF6789-334A-49FF-A9C5-FDD7151A3628}.Release|x86.Build.0 = Release|Any CPU
		{344F3556-E01B-43E5-98C8-33D517AFF01F}.Debug|Any CPU.ActiveCfg = Debug|Any CPU
		{344F3556-E01B-43E5-98C8-33D517AFF01F}.Debug|Any CPU.Build.0 = Debug|Any CPU
		{344F3556-E01B-43E5-98C8-33D517AFF01F}.Debug|x64.ActiveCfg = Debug|Any CPU
		{344F3556-E01B-43E5-98C8-33D517AFF01F}.Debug|x64.Build.0 = Debug|Any CPU
		{344F3556-E01B-43E5-98C8-33D517AFF01F}.Debug|x86.ActiveCfg = Debug|Any CPU
		{344F3556-E01B-43E5-98C8-33D517AFF01F}.Debug|x86.Build.0 = Debug|Any CPU
		{344F3556-E01B-43E5-98C8-33D517AFF01F}.Release|Any CPU.ActiveCfg = Release|Any CPU
		{344F3556-E01B-43E5-98C8-33D517AFF01F}.Release|Any CPU.Build.0 = Release|Any CPU
		{344F3556-E01B-43E5-98C8-33D517AFF01F}.Release|x64.ActiveCfg = Release|Any CPU
		{344F3556-E01B-43E5-98C8-33D517AFF01F}.Release|x64.Build.0 = Release|Any CPU
		{344F3556-E01B-43E5-98C8-33D517AFF01F}.Release|x86.ActiveCfg = Release|Any CPU
		{344F3556-E01B-43E5-98C8-33D517AFF01F}.Release|x86.Build.0 = Release|Any CPU
		{D30B69C8-89F3-0BE7-4F14-589D558F6AF1}.Debug|Any CPU.ActiveCfg = Debug|Any CPU
		{D30B69C8-89F3-0BE7-4F14-589D558F6AF1}.Debug|Any CPU.Build.0 = Debug|Any CPU
		{D30B69C8-89F3-0BE7-4F14-589D558F6AF1}.Debug|x64.ActiveCfg = Debug|Any CPU
		{D30B69C8-89F3-0BE7-4F14-589D558F6AF1}.Debug|x64.Build.0 = Debug|Any CPU
		{D30B69C8-89F3-0BE7-4F14-589D558F6AF1}.Debug|x86.ActiveCfg = Debug|Any CPU
		{D30B69C8-89F3-0BE7-4F14-589D558F6AF1}.Debug|x86.Build.0 = Debug|Any CPU
		{D30B69C8-89F3-0BE7-4F14-589D558F6AF1}.Release|Any CPU.ActiveCfg = Release|Any CPU
		{D30B69C8-89F3-0BE7-4F14-589D558F6AF1}.Release|Any CPU.Build.0 = Release|Any CPU
		{D30B69C8-89F3-0BE7-4F14-589D558F6AF1}.Release|x64.ActiveCfg = Release|Any CPU
		{D30B69C8-89F3-0BE7-4F14-589D558F6AF1}.Release|x64.Build.0 = Release|Any CPU
		{D30B69C8-89F3-0BE7-4F14-589D558F6AF1}.Release|x86.ActiveCfg = Release|Any CPU
		{D30B69C8-89F3-0BE7-4F14-589D558F6AF1}.Release|x86.Build.0 = Release|Any CPU
	EndGlobalSection
	GlobalSection(SolutionProperties) = preSolution
		HideSolutionNode = FALSE
	EndGlobalSection
EndGlobal
